
Microsoft Visual Studio Solution File, Format Version 12.00
# Visual Studio Version 17
VisualStudioVersion = 17.10.34916.146
MinimumVisualStudioVersion = 10.0.40219.1
Project("{9A19103F-16F7-4668-BE54-9A1E7A4F7556}") = "WebGestao", "WebGestao\WebGestao.csproj", "{4A3AD884-B0D4-4319-8696-3EA527F958EA}"
EndProject
Project("{9A19103F-16F7-4668-BE54-9A1E7A4F7556}") = "Core", "Core\Core.csproj", "{FB4123AA-AAC8-490B-B1E1-EFE2783DD87C}"
EndProject
Project("{9A19103F-16F7-4668-BE54-9A1E7A4F7556}") = "Infrastructure", "Infrastructure\Infrastructure.csproj", "{4BBF8957-8474-40EB-8D22-10E8A0E299FC}"
EndProject
Project("{E53339B2-1760-4266-BCC7-CA923CBCF16C}") = "docker-compose", "docker-compose.dcproj", "{34B4F3D8-64D9-4E06-AC16-9A5283AC25F2}"
EndProject
Project("{9A19103F-16F7-4668-BE54-9A1E7A4F7556}") = "Authentication", "Authentication\Authentication.csproj", "{ACC41C92-F6E5-472F-A0FA-5F0ECB388496}"
EndProject
Global
	GlobalSection(SolutionConfigurationPlatforms) = preSolution
		Debug|Any CPU = Debug|Any CPU
		Release|Any CPU = Release|Any CPU
	EndGlobalSection
	GlobalSection(ProjectConfigurationPlatforms) = postSolution
		{4A3AD884-B0D4-4319-8696-3EA527F958EA}.Debug|Any CPU.ActiveCfg = Debug|Any CPU
		{4A3AD884-B0D4-4319-8696-3EA527F958EA}.Debug|Any CPU.Build.0 = Debug|Any CPU
		{4A3AD884-B0D4-4319-8696-3EA527F958EA}.Release|Any CPU.ActiveCfg = Release|Any CPU
		{4A3AD884-B0D4-4319-8696-3EA527F958EA}.Release|Any CPU.Build.0 = Release|Any CPU
		{FB4123AA-AAC8-490B-B1E1-EFE2783DD87C}.Debug|Any CPU.ActiveCfg = Debug|Any CPU
		{FB4123AA-AAC8-490B-B1E1-EFE2783DD87C}.Debug|Any CPU.Build.0 = Debug|Any CPU
		{FB4123AA-AAC8-490B-B1E1-EFE2783DD87C}.Release|Any CPU.ActiveCfg = Release|Any CPU
		{FB4123AA-AAC8-490B-B1E1-EFE2783DD87C}.Release|Any CPU.Build.0 = Release|Any CPU
		{4BBF8957-8474-40EB-8D22-10E8A0E299FC}.Debug|Any CPU.ActiveCfg = Debug|Any CPU
		{4BBF8957-8474-40EB-8D22-10E8A0E299FC}.Debug|Any CPU.Build.0 = Debug|Any CPU
		{4BBF8957-8474-40EB-8D22-10E8A0E299FC}.Release|Any CPU.ActiveCfg = Release|Any CPU
		{4BBF8957-8474-40EB-8D22-10E8A0E299FC}.Release|Any CPU.Build.0 = Release|Any CPU
		{34B4F3D8-64D9-4E06-AC16-9A5283AC25F2}.Debug|Any CPU.ActiveCfg = Debug|Any CPU
		{34B4F3D8-64D9-4E06-AC16-9A5283AC25F2}.Debug|Any CPU.Build.0 = Debug|Any CPU
		{34B4F3D8-64D9-4E06-AC16-9A5283AC25F2}.Release|Any CPU.ActiveCfg = Release|Any CPU
		{34B4F3D8-64D9-4E06-AC16-9A5283AC25F2}.Release|Any CPU.Build.0 = Release|Any CPU
		{ACC41C92-F6E5-472F-A0FA-5F0ECB388496}.Debug|Any CPU.ActiveCfg = Debug|Any CPU
		{ACC41C92-F6E5-472F-A0FA-5F0ECB388496}.Debug|Any CPU.Build.0 = Debug|Any CPU
		{ACC41C92-F6E5-472F-A0FA-5F0ECB388496}.Release|Any CPU.ActiveCfg = Release|Any CPU
		{ACC41C92-F6E5-472F-A0FA-5F0ECB388496}.Release|Any CPU.Build.0 = Release|Any CPU
	EndGlobalSection
	GlobalSection(SolutionProperties) = preSolution
		HideSolutionNode = FALSE
	EndGlobalSection
	GlobalSection(ExtensibilityGlobals) = postSolution
		SolutionGuid = {3CD69778-4F88-415E-A90F-45EFC7CC8403}
	EndGlobalSection
EndGlobal
